// !$*UTF8*$!
{
	archiveVersion = 1;
	classes = {
	};
	objectVersion = 48;
	objects = {

/* Begin PBXBuildFile section */
		412529042051F44A007BEDCC /* AppDelegate.swift in Sources */ = {isa = PBXBuildFile; fileRef = 412529032051F44A007BEDCC /* AppDelegate.swift */; };
		412529062051F44A007BEDCC /* ViewController.swift in Sources */ = {isa = PBXBuildFile; fileRef = 412529052051F44A007BEDCC /* ViewController.swift */; };
		412529092051F44A007BEDCC /* Main.storyboard in Resources */ = {isa = PBXBuildFile; fileRef = 412529072051F44A007BEDCC /* Main.storyboard */; };
		4125290C2051F44A007BEDCC /* Creatiwity.xcdatamodeld in Sources */ = {isa = PBXBuildFile; fileRef = 4125290A2051F44A007BEDCC /* Creatiwity.xcdatamodeld */; };
		4125290E2051F44A007BEDCC /* Assets.xcassets in Resources */ = {isa = PBXBuildFile; fileRef = 4125290D2051F44A007BEDCC /* Assets.xcassets */; };
		412529112051F44A007BEDCC /* LaunchScreen.storyboard in Resources */ = {isa = PBXBuildFile; fileRef = 4125290F2051F44A007BEDCC /* LaunchScreen.storyboard */; };
		4125291C2051F44A007BEDCC /* CreatiwityTests.swift in Sources */ = {isa = PBXBuildFile; fileRef = 4125291B2051F44A007BEDCC /* CreatiwityTests.swift */; };
		412529272051F44B007BEDCC /* CreatiwityUITests.swift in Sources */ = {isa = PBXBuildFile; fileRef = 412529262051F44B007BEDCC /* CreatiwityUITests.swift */; };
		41252939205217B7007BEDCC /* Page.swift in Sources */ = {isa = PBXBuildFile; fileRef = 41252938205217B7007BEDCC /* Page.swift */; };
/* End PBXBuildFile section */

/* Begin PBXContainerItemProxy section */
		412529182051F44A007BEDCC /* PBXContainerItemProxy */ = {
			isa = PBXContainerItemProxy;
			containerPortal = 412528F82051F44A007BEDCC /* Project object */;
			proxyType = 1;
			remoteGlobalIDString = 412528FF2051F44A007BEDCC;
			remoteInfo = Creatiwity;
		};
		412529232051F44B007BEDCC /* PBXContainerItemProxy */ = {
			isa = PBXContainerItemProxy;
			containerPortal = 412528F82051F44A007BEDCC /* Project object */;
			proxyType = 1;
			remoteGlobalIDString = 412528FF2051F44A007BEDCC;
			remoteInfo = Creatiwity;
		};
/* End PBXContainerItemProxy section */

/* Begin PBXFileReference section */
		412529002051F44A007BEDCC /* Creatiwity.app */ = {isa = PBXFileReference; explicitFileType = wrapper.application; includeInIndex = 0; path = Creatiwity.app; sourceTree = BUILT_PRODUCTS_DIR; };
		412529032051F44A007BEDCC /* AppDelegate.swift */ = {isa = PBXFileReference; lastKnownFileType = sourcecode.swift; path = AppDelegate.swift; sourceTree = "<group>"; };
		412529052051F44A007BEDCC /* ViewController.swift */ = {isa = PBXFileReference; lastKnownFileType = sourcecode.swift; path = ViewController.swift; sourceTree = "<group>"; };
		412529082051F44A007BEDCC /* Base */ = {isa = PBXFileReference; lastKnownFileType = file.storyboard; name = Base; path = Base.lproj/Main.storyboard; sourceTree = "<group>"; };
		4125290B2051F44A007BEDCC /* Creatiwity.xcdatamodel */ = {isa = PBXFileReference; lastKnownFileType = wrapper.xcdatamodel; path = Creatiwity.xcdatamodel; sourceTree = "<group>"; };
		4125290D2051F44A007BEDCC /* Assets.xcassets */ = {isa = PBXFileReference; lastKnownFileType = folder.assetcatalog; path = Assets.xcassets; sourceTree = "<group>"; };
		412529102051F44A007BEDCC /* Base */ = {isa = PBXFileReference; lastKnownFileType = file.storyboard; name = Base; path = Base.lproj/LaunchScreen.storyboard; sourceTree = "<group>"; };
		412529122051F44A007BEDCC /* Info.plist */ = {isa = PBXFileReference; lastKnownFileType = text.plist.xml; path = Info.plist; sourceTree = "<group>"; };
		412529172051F44A007BEDCC /* CreatiwityTests.xctest */ = {isa = PBXFileReference; explicitFileType = wrapper.cfbundle; includeInIndex = 0; path = CreatiwityTests.xctest; sourceTree = BUILT_PRODUCTS_DIR; };
		4125291B2051F44A007BEDCC /* CreatiwityTests.swift */ = {isa = PBXFileReference; lastKnownFileType = sourcecode.swift; path = CreatiwityTests.swift; sourceTree = "<group>"; };
		4125291D2051F44A007BEDCC /* Info.plist */ = {isa = PBXFileReference; lastKnownFileType = text.plist.xml; path = Info.plist; sourceTree = "<group>"; };
		412529222051F44B007BEDCC /* CreatiwityUITests.xctest */ = {isa = PBXFileReference; explicitFileType = wrapper.cfbundle; includeInIndex = 0; path = CreatiwityUITests.xctest; sourceTree = BUILT_PRODUCTS_DIR; };
		412529262051F44B007BEDCC /* CreatiwityUITests.swift */ = {isa = PBXFileReference; lastKnownFileType = sourcecode.swift; path = CreatiwityUITests.swift; sourceTree = "<group>"; };
		412529282051F44B007BEDCC /* Info.plist */ = {isa = PBXFileReference; lastKnownFileType = text.plist.xml; path = Info.plist; sourceTree = "<group>"; };
		41252938205217B7007BEDCC /* Page.swift */ = {isa = PBXFileReference; lastKnownFileType = sourcecode.swift; path = Page.swift; sourceTree = "<group>"; };
/* End PBXFileReference section */

/* Begin PBXFrameworksBuildPhase section */
		412528FD2051F44A007BEDCC /* Frameworks */ = {
			isa = PBXFrameworksBuildPhase;
			buildActionMask = 2147483647;
			files = (
			);
			runOnlyForDeploymentPostprocessing = 0;
		};
		412529142051F44A007BEDCC /* Frameworks */ = {
			isa = PBXFrameworksBuildPhase;
			buildActionMask = 2147483647;
			files = (
			);
			runOnlyForDeploymentPostprocessing = 0;
		};
		4125291F2051F44B007BEDCC /* Frameworks */ = {
			isa = PBXFrameworksBuildPhase;
			buildActionMask = 2147483647;
			files = (
			);
			runOnlyForDeploymentPostprocessing = 0;
		};
/* End PBXFrameworksBuildPhase section */

/* Begin PBXGroup section */
		412528F72051F44A007BEDCC = {
			isa = PBXGroup;
			children = (
				412529022051F44A007BEDCC /* Creatiwity */,
				4125291A2051F44A007BEDCC /* CreatiwityTests */,
				412529252051F44B007BEDCC /* CreatiwityUITests */,
				412529012051F44A007BEDCC /* Products */,
			);
			sourceTree = "<group>";
		};
		412529012051F44A007BEDCC /* Products */ = {
			isa = PBXGroup;
			children = (
				412529002051F44A007BEDCC /* Creatiwity.app */,
				412529172051F44A007BEDCC /* CreatiwityTests.xctest */,
				412529222051F44B007BEDCC /* CreatiwityUITests.xctest */,
			);
			name = Products;
			sourceTree = "<group>";
		};
		412529022051F44A007BEDCC /* Creatiwity */ = {
			isa = PBXGroup;
			children = (
				412529032051F44A007BEDCC /* AppDelegate.swift */,
				41252938205217B7007BEDCC /* Page.swift */,
				412529052051F44A007BEDCC /* ViewController.swift */,
				412529072051F44A007BEDCC /* Main.storyboard */,
				4125290D2051F44A007BEDCC /* Assets.xcassets */,
				4125290F2051F44A007BEDCC /* LaunchScreen.storyboard */,
				412529122051F44A007BEDCC /* Info.plist */,
				4125290A2051F44A007BEDCC /* Creatiwity.xcdatamodeld */,
			);
			path = Creatiwity;
			sourceTree = "<group>";
		};
		4125291A2051F44A007BEDCC /* CreatiwityTests */ = {
			isa = PBXGroup;
			children = (
				4125291B2051F44A007BEDCC /* CreatiwityTests.swift */,
				4125291D2051F44A007BEDCC /* Info.plist */,
			);
			path = CreatiwityTests;
			sourceTree = "<group>";
		};
		412529252051F44B007BEDCC /* CreatiwityUITests */ = {
			isa = PBXGroup;
			children = (
				412529262051F44B007BEDCC /* CreatiwityUITests.swift */,
				412529282051F44B007BEDCC /* Info.plist */,
			);
			path = CreatiwityUITests;
			sourceTree = "<group>";
		};
/* End PBXGroup section */

/* Begin PBXNativeTarget section */
		412528FF2051F44A007BEDCC /* Creatiwity */ = {
			isa = PBXNativeTarget;
			buildConfigurationList = 4125292B2051F44B007BEDCC /* Build configuration list for PBXNativeTarget "Creatiwity" */;
			buildPhases = (
				412528FC2051F44A007BEDCC /* Sources */,
				412528FD2051F44A007BEDCC /* Frameworks */,
				412528FE2051F44A007BEDCC /* Resources */,
			);
			buildRules = (
			);
			dependencies = (
			);
			name = Creatiwity;
			productName = Creatiwity;
			productReference = 412529002051F44A007BEDCC /* Creatiwity.app */;
			productType = "com.apple.product-type.application";
		};
		412529162051F44A007BEDCC /* CreatiwityTests */ = {
			isa = PBXNativeTarget;
			buildConfigurationList = 4125292E2051F44B007BEDCC /* Build configuration list for PBXNativeTarget "CreatiwityTests" */;
			buildPhases = (
				412529132051F44A007BEDCC /* Sources */,
				412529142051F44A007BEDCC /* Frameworks */,
				412529152051F44A007BEDCC /* Resources */,
			);
			buildRules = (
			);
			dependencies = (
				412529192051F44A007BEDCC /* PBXTargetDependency */,
			);
			name = CreatiwityTests;
			productName = CreatiwityTests;
			productReference = 412529172051F44A007BEDCC /* CreatiwityTests.xctest */;
			productType = "com.apple.product-type.bundle.unit-test";
		};
		412529212051F44B007BEDCC /* CreatiwityUITests */ = {
			isa = PBXNativeTarget;
			buildConfigurationList = 412529312051F44B007BEDCC /* Build configuration list for PBXNativeTarget "CreatiwityUITests" */;
			buildPhases = (
				4125291E2051F44B007BEDCC /* Sources */,
				4125291F2051F44B007BEDCC /* Frameworks */,
				412529202051F44B007BEDCC /* Resources */,
			);
			buildRules = (
			);
			dependencies = (
				412529242051F44B007BEDCC /* PBXTargetDependency */,
			);
			name = CreatiwityUITests;
			productName = CreatiwityUITests;
			productReference = 412529222051F44B007BEDCC /* CreatiwityUITests.xctest */;
			productType = "com.apple.product-type.bundle.ui-testing";
		};
/* End PBXNativeTarget section */

/* Begin PBXProject section */
		412528F82051F44A007BEDCC /* Project object */ = {
			isa = PBXProject;
			attributes = {
				LastSwiftUpdateCheck = 0920;
				LastUpgradeCheck = 0920;
				ORGANIZATIONNAME = "Arthur Kleiber";
				TargetAttributes = {
					412528FF2051F44A007BEDCC = {
						CreatedOnToolsVersion = 9.2;
						ProvisioningStyle = Automatic;
					};
					412529162051F44A007BEDCC = {
						CreatedOnToolsVersion = 9.2;
						ProvisioningStyle = Automatic;
						TestTargetID = 412528FF2051F44A007BEDCC;
					};
					412529212051F44B007BEDCC = {
						CreatedOnToolsVersion = 9.2;
						ProvisioningStyle = Automatic;
						TestTargetID = 412528FF2051F44A007BEDCC;
					};
				};
			};
			buildConfigurationList = 412528FB2051F44A007BEDCC /* Build configuration list for PBXProject "Creatiwity" */;
			compatibilityVersion = "Xcode 8.0";
			developmentRegion = en;
			hasScannedForEncodings = 0;
			knownRegions = (
				en,
				Base,
			);
			mainGroup = 412528F72051F44A007BEDCC;
			productRefGroup = 412529012051F44A007BEDCC /* Products */;
			projectDirPath = "";
			projectRoot = "";
			targets = (
				412528FF2051F44A007BEDCC /* Creatiwity */,
				412529162051F44A007BEDCC /* CreatiwityTests */,
				412529212051F44B007BEDCC /* CreatiwityUITests */,
			);
		};
/* End PBXProject section */

/* Begin PBXResourcesBuildPhase section */
		412528FE2051F44A007BEDCC /* Resources */ = {
			isa = PBXResourcesBuildPhase;
			buildActionMask = 2147483647;
			files = (
				412529112051F44A007BEDCC /* LaunchScreen.storyboard in Resources */,
				4125290E2051F44A007BEDCC /* Assets.xcassets in Resources */,
				412529092051F44A007BEDCC /* Main.storyboard in Resources */,
			);
			runOnlyForDeploymentPostprocessing = 0;
		};
		412529152051F44A007BEDCC /* Resources */ = {
			isa = PBXResourcesBuildPhase;
			buildActionMask = 2147483647;
			files = (
			);
			runOnlyForDeploymentPostprocessing = 0;
		};
		412529202051F44B007BEDCC /* Resources */ = {
			isa = PBXResourcesBuildPhase;
			buildActionMask = 2147483647;
			files = (
			);
			runOnlyForDeploymentPostprocessing = 0;
		};
/* End PBXResourcesBuildPhase section */

/* Begin PBXSourcesBuildPhase section */
		412528FC2051F44A007BEDCC /* Sources */ = {
			isa = PBXSourcesBuildPhase;
			buildActionMask = 2147483647;
			files = (
				412529062051F44A007BEDCC /* ViewController.swift in Sources */,
				412529042051F44A007BEDCC /* AppDelegate.swift in Sources */,
				41252939205217B7007BEDCC /* Page.swift in Sources */,
				4125290C2051F44A007BEDCC /* Creatiwity.xcdatamodeld in Sources */,
			);
			runOnlyForDeploymentPostprocessing = 0;
		};
		412529132051F44A007BEDCC /* Sources */ = {
			isa = PBXSourcesBuildPhase;
			buildActionMask = 2147483647;
			files = (
				4125291C2051F44A007BEDCC /* CreatiwityTests.swift in Sources */,
			);
			runOnlyForDeploymentPostprocessing = 0;
		};
		4125291E2051F44B007BEDCC /* Sources */ = {
			isa = PBXSourcesBuildPhase;
			buildActionMask = 2147483647;
			files = (
				412529272051F44B007BEDCC /* CreatiwityUITests.swift in Sources */,
			);
			runOnlyForDeploymentPostprocessing = 0;
		};
/* End PBXSourcesBuildPhase section */

/* Begin PBXTargetDependency section */
		412529192051F44A007BEDCC /* PBXTargetDependency */ = {
			isa = PBXTargetDependency;
			target = 412528FF2051F44A007BEDCC /* Creatiwity */;
			targetProxy = 412529182051F44A007BEDCC /* PBXContainerItemProxy */;
		};
		412529242051F44B007BEDCC /* PBXTargetDependency */ = {
			isa = PBXTargetDependency;
			target = 412528FF2051F44A007BEDCC /* Creatiwity */;
			targetProxy = 412529232051F44B007BEDCC /* PBXContainerItemProxy */;
		};
/* End PBXTargetDependency section */

/* Begin PBXVariantGroup section */
		412529072051F44A007BEDCC /* Main.storyboard */ = {
			isa = PBXVariantGroup;
			children = (
				412529082051F44A007BEDCC /* Base */,
			);
			name = Main.storyboard;
			sourceTree = "<group>";
		};
		4125290F2051F44A007BEDCC /* LaunchScreen.storyboard */ = {
			isa = PBXVariantGroup;
			children = (
				412529102051F44A007BEDCC /* Base */,
			);
			name = LaunchScreen.storyboard;
			sourceTree = "<group>";
		};
/* End PBXVariantGroup section */

/* Begin XCBuildConfiguration section */
		412529292051F44B007BEDCC /* Debug */ = {
			isa = XCBuildConfiguration;
			buildSettings = {
				ALWAYS_SEARCH_USER_PATHS = NO;
				CLANG_ANALYZER_NONNULL = YES;
				CLANG_ANALYZER_NUMBER_OBJECT_CONVERSION = YES_AGGRESSIVE;
				CLANG_CXX_LANGUAGE_STANDARD = "gnu++14";
				CLANG_CXX_LIBRARY = "libc++";
				CLANG_ENABLE_MODULES = YES;
				CLANG_ENABLE_OBJC_ARC = YES;
				CLANG_WARN_BLOCK_CAPTURE_AUTORELEASING = YES;
				CLANG_WARN_BOOL_CONVERSION = YES;
				CLANG_WARN_COMMA = YES;
				CLANG_WARN_CONSTANT_CONVERSION = YES;
				CLANG_WARN_DIRECT_OBJC_ISA_USAGE = YES_ERROR;
				CLANG_WARN_DOCUMENTATION_COMMENTS = YES;
				CLANG_WARN_EMPTY_BODY = YES;
				CLANG_WARN_ENUM_CONVERSION = YES;
				CLANG_WARN_INFINITE_RECURSION = YES;
				CLANG_WARN_INT_CONVERSION = YES;
				CLANG_WARN_NON_LITERAL_NULL_CONVERSION = YES;
				CLANG_WARN_OBJC_LITERAL_CONVERSION = YES;
				CLANG_WARN_OBJC_ROOT_CLASS = YES_ERROR;
				CLANG_WARN_RANGE_LOOP_ANALYSIS = YES;
				CLANG_WARN_STRICT_PROTOTYPES = YES;
				CLANG_WARN_SUSPICIOUS_MOVE = YES;
				CLANG_WARN_UNGUARDED_AVAILABILITY = YES_AGGRESSIVE;
				CLANG_WARN_UNREACHABLE_CODE = YES;
				CLANG_WARN__DUPLICATE_METHOD_MATCH = YES;
				CODE_SIGN_IDENTITY = "iPhone Developer";
				COPY_PHASE_STRIP = NO;
				DEBUG_INFORMATION_FORMAT = dwarf;
				ENABLE_STRICT_OBJC_MSGSEND = YES;
				ENABLE_TESTABILITY = YES;
				GCC_C_LANGUAGE_STANDARD = gnu11;
				GCC_DYNAMIC_NO_PIC = NO;
				GCC_NO_COMMON_BLOCKS = YES;
				GCC_OPTIMIZATION_LEVEL = 0;
				GCC_PREPROCESSOR_DEFINITIONS = (
					"DEBUG=1",
					"$(inherited)",
				);
				GCC_WARN_64_TO_32_BIT_CONVERSION = YES;
				GCC_WARN_ABOUT_RETURN_TYPE = YES_ERROR;
				GCC_WARN_UNDECLARED_SELECTOR = YES;
				GCC_WARN_UNINITIALIZED_AUTOS = YES_AGGRESSIVE;
				GCC_WARN_UNUSED_FUNCTION = YES;
				GCC_WARN_UNUSED_VARIABLE = YES;
				IPHONEOS_DEPLOYMENT_TARGET = 11.2;
				MTL_ENABLE_DEBUG_INFO = YES;
				ONLY_ACTIVE_ARCH = YES;
				SDKROOT = iphoneos;
				SWIFT_ACTIVE_COMPILATION_CONDITIONS = DEBUG;
				SWIFT_OPTIMIZATION_LEVEL = "-Onone";
			};
			name = Debug;
		};
		4125292A2051F44B007BEDCC /* Release */ = {
			isa = XCBuildConfiguration;
			buildSettings = {
				ALWAYS_SEARCH_USER_PATHS = NO;
				CLANG_ANALYZER_NONNULL = YES;
				CLANG_ANALYZER_NUMBER_OBJECT_CONVERSION = YES_AGGRESSIVE;
				CLANG_CXX_LANGUAGE_STANDARD = "gnu++14";
				CLANG_CXX_LIBRARY = "libc++";
				CLANG_ENABLE_MODULES = YES;
				CLANG_ENABLE_OBJC_ARC = YES;
				CLANG_WARN_BLOCK_CAPTURE_AUTORELEASING = YES;
				CLANG_WARN_BOOL_CONVERSION = YES;
				CLANG_WARN_COMMA = YES;
				CLANG_WARN_CONSTANT_CONVERSION = YES;
				CLANG_WARN_DIRECT_OBJC_ISA_USAGE = YES_ERROR;
				CLANG_WARN_DOCUMENTATION_COMMENTS = YES;
				CLANG_WARN_EMPTY_BODY = YES;
				CLANG_WARN_ENUM_CONVERSION = YES;
				CLANG_WARN_INFINITE_RECURSION = YES;
				CLANG_WARN_INT_CONVERSION = YES;
				CLANG_WARN_NON_LITERAL_NULL_CONVERSION = YES;
				CLANG_WARN_OBJC_LITERAL_CONVERSION = YES;
				CLANG_WARN_OBJC_ROOT_CLASS = YES_ERROR;
				CLANG_WARN_RANGE_LOOP_ANALYSIS = YES;
				CLANG_WARN_STRICT_PROTOTYPES = YES;
				CLANG_WARN_SUSPICIOUS_MOVE = YES;
				CLANG_WARN_UNGUARDED_AVAILABILITY = YES_AGGRESSIVE;
				CLANG_WARN_UNREACHABLE_CODE = YES;
				CLANG_WARN__DUPLICATE_METHOD_MATCH = YES;
				CODE_SIGN_IDENTITY = "iPhone Developer";
				COPY_PHASE_STRIP = NO;
				DEBUG_INFORMATION_FORMAT = "dwarf-with-dsym";
				ENABLE_NS_ASSERTIONS = NO;
				ENABLE_STRICT_OBJC_MSGSEND = YES;
				GCC_C_LANGUAGE_STANDARD = gnu11;
				GCC_NO_COMMON_BLOCKS = YES;
				GCC_WARN_64_TO_32_BIT_CONVERSION = YES;
				GCC_WARN_ABOUT_RETURN_TYPE = YES_ERROR;
				GCC_WARN_UNDECLARED_SELECTOR = YES;
				GCC_WARN_UNINITIALIZED_AUTOS = YES_AGGRESSIVE;
				GCC_WARN_UNUSED_FUNCTION = YES;
				GCC_WARN_UNUSED_VARIABLE = YES;
				IPHONEOS_DEPLOYMENT_TARGET = 11.2;
				MTL_ENABLE_DEBUG_INFO = NO;
				SDKROOT = iphoneos;
				SWIFT_OPTIMIZATION_LEVEL = "-Owholemodule";
				VALIDATE_PRODUCT = YES;
			};
			name = Release;
		};
		4125292C2051F44B007BEDCC /* Debug */ = {
			isa = XCBuildConfiguration;
			buildSettings = {
				ASSETCATALOG_COMPILER_APPICON_NAME = AppIcon;
				CODE_SIGN_STYLE = Automatic;
				DEVELOPMENT_TEAM = 8W35AB3VA5;
				INFOPLIST_FILE = Creatiwity/Info.plist;
				LD_RUNPATH_SEARCH_PATHS = "$(inherited) @executable_path/Frameworks";
				PRODUCT_BUNDLE_IDENTIFIER = AK.Creatiwity;
				PRODUCT_NAME = "$(TARGET_NAME)";
				SWIFT_VERSION = 4.0;
				TARGETED_DEVICE_FAMILY = "1,2";
			};
			name = Debug;
		};
		4125292D2051F44B007BEDCC /* Release */ = {
			isa = XCBuildConfiguration;
			buildSettings = {
				ASSETCATALOG_COMPILER_APPICON_NAME = AppIcon;
				CODE_SIGN_STYLE = Automatic;
				DEVELOPMENT_TEAM = 8W35AB3VA5;
				INFOPLIST_FILE = Creatiwity/Info.plist;
				LD_RUNPATH_SEARCH_PATHS = "$(inherited) @executable_path/Frameworks";
				PRODUCT_BUNDLE_IDENTIFIER = AK.Creatiwity;
				PRODUCT_NAME = "$(TARGET_NAME)";
				SWIFT_VERSION = 4.0;
				TARGETED_DEVICE_FAMILY = "1,2";
			};
			name = Release;
		};
		4125292F2051F44B007BEDCC /* Debug */ = {
			isa = XCBuildConfiguration;
			buildSettings = {
				ALWAYS_EMBED_SWIFT_STANDARD_LIBRARIES = YES;
				BUNDLE_LOADER = "$(TEST_HOST)";
				CODE_SIGN_STYLE = Automatic;
				INFOPLIST_FILE = CreatiwityTests/Info.plist;
				LD_RUNPATH_SEARCH_PATHS = "$(inherited) @executable_path/Frameworks @loader_path/Frameworks";
				PRODUCT_BUNDLE_IDENTIFIER = AK.CreatiwityTests;
				PRODUCT_NAME = "$(TARGET_NAME)";
				SWIFT_VERSION = 4.0;
				TARGETED_DEVICE_FAMILY = "1,2";
				TEST_HOST = "$(BUILT_PRODUCTS_DIR)/Creatiwity.app/Creatiwity";
			};
			name = Debug;
		};
		412529302051F44B007BEDCC /* Release */ = {
			isa = XCBuildConfiguration;
			buildSettings = {
				ALWAYS_EMBED_SWIFT_STANDARD_LIBRARIES = YES;
				BUNDLE_LOADER = "$(TEST_HOST)";
				CODE_SIGN_STYLE = Automatic;
				INFOPLIST_FILE = CreatiwityTests/Info.plist;
				LD_RUNPATH_SEARCH_PATHS = "$(inherited) @executable_path/Frameworks @loader_path/Frameworks";
				PRODUCT_BUNDLE_IDENTIFIER = AK.CreatiwityTests;
				PRODUCT_NAME = "$(TARGET_NAME)";
				SWIFT_VERSION = 4.0;
				TARGETED_DEVICE_FAMILY = "1,2";
				TEST_HOST = "$(BUILT_PRODUCTS_DIR)/Creatiwity.app/Creatiwity";
			};
			name = Release;
		};
		412529322051F44B007BEDCC /* Debug */ = {
			isa = XCBuildConfiguration;
			buildSettings = {
				ALWAYS_EMBED_SWIFT_STANDARD_LIBRARIES = YES;
				CODE_SIGN_STYLE = Automatic;
				INFOPLIST_FILE = CreatiwityUITests/Info.plist;
				LD_RUNPATH_SEARCH_PATHS = "$(inherited) @executable_path/Frameworks @loader_path/Frameworks";
				PRODUCT_BUNDLE_IDENTIFIER = AK.CreatiwityUITests;
				PRODUCT_NAME = "$(TARGET_NAME)";
				SWIFT_VERSION = 4.0;
				TARGETED_DEVICE_FAMILY = "1,2";
				TEST_TARGET_NAME = Creatiwity;
			};
			name = Debug;
		};
		412529332051F44B007BEDCC /* Release */ = {
			isa = XCBuildConfiguration;
			buildSettings = {
				ALWAYS_EMBED_SWIFT_STANDARD_LIBRARIES = YES;
				CODE_SIGN_STYLE = Automatic;
				INFOPLIST_FILE = CreatiwityUITests/Info.plist;
				LD_RUNPATH_SEARCH_PATHS = "$(inherited) @executable_path/Frameworks @loader_path/Frameworks";
				PRODUCT_BUNDLE_IDENTIFIER = AK.CreatiwityUITests;
				PRODUCT_NAME = "$(TARGET_NAME)";
				SWIFT_VERSION = 4.0;
				TARGETED_DEVICE_FAMILY = "1,2";
				TEST_TARGET_NAME = Creatiwity;
			};
			name = Release;
		};
/* End XCBuildConfiguration section */

/* Begin XCConfigurationList section */
		412528FB2051F44A007BEDCC /* Build configuration list for PBXProject "Creatiwity" */ = {
			isa = XCConfigurationList;
			buildConfigurations = (
				412529292051F44B007BEDCC /* Debug */,
				4125292A2051F44B007BEDCC /* Release */,
			);
			defaultConfigurationIsVisible = 0;
			defaultConfigurationName = Release;
		};
		4125292B2051F44B007BEDCC /* Build configuration list for PBXNativeTarget "Creatiwity" */ = {
			isa = XCConfigurationList;
			buildConfigurations = (
				4125292C2051F44B007BEDCC /* Debug */,
				4125292D2051F44B007BEDCC /* Release */,
			);
			defaultConfigurationIsVisible = 0;
			defaultConfigurationName = Release;
		};
		4125292E2051F44B007BEDCC /* Build configuration list for PBXNativeTarget "CreatiwityTests" */ = {
			isa = XCConfigurationList;
			buildConfigurations = (
				4125292F2051F44B007BEDCC /* Debug */,
				412529302051F44B007BEDCC /* Release */,
			);
			defaultConfigurationIsVisible = 0;
			defaultConfigurationName = Release;
		};
		412529312051F44B007BEDCC /* Build configuration list for PBXNativeTarget "CreatiwityUITests" */ = {
			isa = XCConfigurationList;
			buildConfigurations = (
				412529322051F44B007BEDCC /* Debug */,
				412529332051F44B007BEDCC /* Release */,
			);
			defaultConfigurationIsVisible = 0;
			defaultConfigurationName = Release;
		};
/* End XCConfigurationList section */

/* Begin XCVersionGroup section */
		4125290A2051F44A007BEDCC /* Creatiwity.xcdatamodeld */ = {
			isa = XCVersionGroup;
			children = (
				4125290B2051F44A007BEDCC /* Creatiwity.xcdatamodel */,
			);
			currentVersion = 4125290B2051F44A007BEDCC /* Creatiwity.xcdatamodel */;
			path = Creatiwity.xcdatamodeld;
			sourceTree = "<group>";
			versionGroupType = wrapper.xcdatamodel;
		};
/* End XCVersionGroup section */
	};
	rootObject = 412528F82051F44A007BEDCC /* Project object */;
}
